
Microsoft Visual Studio Solution File, Format Version 12.00
# Visual Studio 15
VisualStudioVersion = 15.0.26430.16
MinimumVisualStudioVersion = 10.0.40219.1
Project("{FAE04EC0-301F-11D3-BF4B-00C04F79EFBC}") = "ToFile", "ToFile\ToFile.csproj", "{E5D69C6F-821C-4744-B555-FDC915ED24D6}"
EndProject
Project("{FAE04EC0-301F-11D3-BF4B-00C04F79EFBC}") = "URGLibrary", "URGLibrary\URGLibrary.csproj", "{CABE9D24-2CB3-469D-8487-DC96DF24CA84}"
EndProject
Global
	GlobalSection(SolutionConfigurationPlatforms) = preSolution
		Debug|Any CPU = Debug|Any CPU
		Release|Any CPU = Release|Any CPU
	EndGlobalSection
	GlobalSection(ProjectConfigurationPlatforms) = postSolution
		{E5D69C6F-821C-4744-B555-FDC915ED24D6}.Debug|Any CPU.ActiveCfg = Debug|Any CPU
		{E5D69C6F-821C-4744-B555-FDC915ED24D6}.Debug|Any CPU.Build.0 = Debug|Any CPU
		{E5D69C6F-821C-4744-B555-FDC915ED24D6}.Release|Any CPU.ActiveCfg = Release|Any CPU
		{E5D69C6F-821C-4744-B555-FDC915ED24D6}.Release|Any CPU.Build.0 = Release|Any CPU
		{CABE9D24-2CB3-469D-8487-DC96DF24CA84}.Debug|Any CPU.ActiveCfg = Debug|Any CPU
		{CABE9D24-2CB3-469D-8487-DC96DF24CA84}.Debug|Any CPU.Build.0 = Debug|Any CPU
		{CABE9D24-2CB3-469D-8487-DC96DF24CA84}.Release|Any CPU.ActiveCfg = Release|Any CPU
		{CABE9D24-2CB3-469D-8487-DC96DF24CA84}.Release|Any CPU.Build.0 = Release|Any CPU
	EndGlobalSection
	GlobalSection(SolutionProperties) = preSolution
		HideSolutionNode = FALSE
	EndGlobalSection
EndGlobal
